
Microsoft Visual Studio Solution File, Format Version 12.00
# Visual Studio Version 17
VisualStudioVersion = 17.11.35303.130
MinimumVisualStudioVersion = 10.0.40219.1
Project("{FAE04EC0-301F-11D3-BF4B-00C04F79EFBC}") = "MyFirstApp", "MyFirstApp\MyFirstApp.csproj", "{4DDC16E5-5918-4833-A03F-9064592C1F9C}"
EndProject
Global
	GlobalSection(SolutionConfigurationPlatforms) = preSolution
		Debug|Any CPU = Debug|Any CPU
		Release|Any CPU = Release|Any CPU
	EndGlobalSection
	GlobalSection(ProjectConfigurationPlatforms) = postSolution
		{4DDC16E5-5918-4833-A03F-9064592C1F9C}.Debug|Any CPU.ActiveCfg = Debug|Any CPU
		{4DDC16E5-5918-4833-A03F-9064592C1F9C}.Debug|Any CPU.Build.0 = Debug|Any CPU
		{4DDC16E5-5918-4833-A03F-9064592C1F9C}.Release|Any CPU.ActiveCfg = Release|Any CPU
		{4DDC16E5-5918-4833-A03F-9064592C1F9C}.Release|Any CPU.Build.0 = Release|Any CPU
	EndGlobalSection
	GlobalSection(SolutionProperties) = preSolution
		HideSolutionNode = FALSE
	EndGlobalSection
	GlobalSection(ExtensibilityGlobals) = postSolution
		SolutionGuid = {40775275-670D-4091-B65E-D8B012C0F336}
	EndGlobalSection
EndGlobal
